Microsoft Visual Studio Solution File, Format Version 12.00
# Visual Studio Version 17
VisualStudioVersion = 17.14.36414.22
MinimumVisualStudioVersion = 10.0.40219.1
Project("{2150E333-8FDC-42A3-9474-1A3956D46DE8}") = "Query", "Query", "{02EA681E-C7D8-13C7-8484-4AC65E1B71E8}"
EndProject
Project("{2150E333-8FDC-42A3-9474-1A3956D46DE8}") = "Command", "Command", "{E7221F0A-E7B8-466A-A2F3-233D58CEBAA0}"
EndProject
Project("{FAE04EC0-301F-11D3-BF4B-00C04F79EFBC}") = "Company.Feature.Domain", "Company.Feature.Domain\Company.Feature.Domain.csproj", "{F12A752C-C6F7-4D92-D99E-27097D8F908D}"
EndProject
Project("{FAE04EC0-301F-11D3-BF4B-00C04F79EFBC}") = "Company.Feature.Query.Application", "Company.Feature.Query.Application\Company.Feature.Query.Application.csproj", "{DAE6674B-15B1-40D6-8D67-6F6E958E3E8E}"
EndProject
Project("{FAE04EC0-301F-11D3-BF4B-00C04F79EFBC}") = "Company.Feature.Query.Api.Contracts", "Company.Feature.Query.Api.Contracts\Company.Feature.Query.Api.Contracts.csproj", "{9AE154E4-38B4-2025-F5D0-D81090237D56}"
EndProject
Project("{2150E333-8FDC-42A3-9474-1A3956D46DE8}") = "Api", "Api", "{8927603E-7EB2-4E54-9A85-4F4CE45F1DCA}"
EndProject
Project("{2150E333-8FDC-42A3-9474-1A3956D46DE8}") = "Application", "Application", "{13D051B8-6F90-4B10-B799-6A689F9522E7}"
EndProject
Project("{FAE04EC0-301F-11D3-BF4B-00C04F79EFBC}") = "Company.Feature.Query.Api.Proxy", "Company.Feature.Query.Api.Proxy\Company.Feature.Query.Api.Proxy.csproj", "{50FDA76D-AA28-4162-A985-8BE98290E352}"
EndProject
Project("{FAE04EC0-301F-11D3-BF4B-00C04F79EFBC}") = "Company.Feature.Query.Api.Web", "Company.Feature.Query.Api.Web\Company.Feature.Query.Api.Web.csproj", "{733B7E8F-D0B0-4C9B-8EA3-B847385E79CE}"
EndProject
Project("{2150E333-8FDC-42A3-9474-1A3956D46DE8}") = "Infrastructure", "Infrastructure", "{B4D051CC-3762-4B22-BA65-992F37F8BA97}"
EndProject
Project("{2150E333-8FDC-42A3-9474-1A3956D46DE8}") = "Design", "Design", "{34CCD49B-FBE3-4082-BD80-F3E2F0A0E9F2}"
EndProject
Project("{2150E333-8FDC-42A3-9474-1A3956D46DE8}") = "Api", "Api", "{5F452E80-6694-446E-B0FE-37263C19CDBA}"
EndProject
Project("{2150E333-8FDC-42A3-9474-1A3956D46DE8}") = "Application", "Application", "{66386D18-06B6-445E-8878-0B3BEC36CE2D}"
EndProject
Project("{2150E333-8FDC-42A3-9474-1A3956D46DE8}") = "Infrastructure", "Infrastructure", "{28AEC928-30C4-4F9C-9F51-8F5009ADC238}"
EndProject
Project("{2150E333-8FDC-42A3-9474-1A3956D46DE8}") = "Design", "Design", "{A434807F-5E78-4A26-A74D-C3020DEFADB8}"
EndProject
Project("{FAE04EC0-301F-11D3-BF4B-00C04F79EFBC}") = "Company.Feature.Command.Api.Contracts", "Company.Feature.Command.Api.Contracts\Company.Feature.Command.Api.Contracts.csproj", "{20F8D1D4-9EBB-402E-A20C-78A33A0144C5}"
EndProject
Project("{FAE04EC0-301F-11D3-BF4B-00C04F79EFBC}") = "Company.Feature.Command.Api.Proxy", "Company.Feature.Command.Api.Proxy\Company.Feature.Command.Api.Proxy.csproj", "{335CD48A-CEF2-47B7-8F39-0BA7ACE2174E}"
EndProject
Project("{FAE04EC0-301F-11D3-BF4B-00C04F79EFBC}") = "Company.Feature.Command.Api.Web", "Company.Feature.Command.Api.Web\Company.Feature.Command.Api.Web.csproj", "{20AEE446-B46D-4D23-87FD-DDD44DEE33E3}"
EndProject
Project("{FAE04EC0-301F-11D3-BF4B-00C04F79EFBC}") = "Company.Feature.Command.Application", "Company.Feature.Command.Application\Company.Feature.Command.Application.csproj", "{BB6306AF-CE57-4FDE-BBE9-826A5EE26824}"
EndProject
Project("{FAE04EC0-301F-11D3-BF4B-00C04F79EFBC}") = "Company.Feature.Command.Design.Tokens", "Company.Feature.Command.Ui.Tokens\Company.Feature.Command.Design.Tokens.csproj", "{2E10CA96-7E21-4ECC-A7B4-B9D953E8B1D8}"
EndProject
Project("{FAE04EC0-301F-11D3-BF4B-00C04F79EFBC}") = "Company.Feature.Query.Design.Tokens", "Company.Feature.Query.Ui.Tokens\Company.Feature.Query.Design.Tokens.csproj", "{66B39D4A-CF20-4C8E-8A5F-9880E371FD59}"
EndProject
Project("{FAE04EC0-301F-11D3-BF4B-00C04F79EFBC}") = "Company.Feature.Command.MongoDb", "Company.Feature.Command.MongoDb\Company.Feature.Command.MongoDb.csproj", "{34A83F81-AB0C-4E57-858E-0BFF23761C19}"
EndProject
Project("{FAE04EC0-301F-11D3-BF4B-00C04F79EFBC}") = "Company.Feature.Query.MongoDb", "Company.Feature.Query.MongoDb\Company.Feature.Query.MongoDb.csproj", "{0F0DDC56-ADF2-4DD9-9522-543C55E5C3E5}"
EndProject
Global
	GlobalSection(SolutionConfigurationPlatforms) = preSolution
		Debug|Any CPU = Debug|Any CPU
		Release|Any CPU = Release|Any CPU
	EndGlobalSection
	GlobalSection(ProjectConfigurationPlatforms) = postSolution
		{F12A752C-C6F7-4D92-D99E-27097D8F908D}.Debug|Any CPU.ActiveCfg = Debug|Any CPU
		{F12A752C-C6F7-4D92-D99E-27097D8F908D}.Debug|Any CPU.Build.0 = Debug|Any CPU
		{F12A752C-C6F7-4D92-D99E-27097D8F908D}.Release|Any CPU.ActiveCfg = Release|Any CPU
		{F12A752C-C6F7-4D92-D99E-27097D8F908D}.Release|Any CPU.Build.0 = Release|Any CPU
		{DAE6674B-15B1-40D6-8D67-6F6E958E3E8E}.Debug|Any CPU.ActiveCfg = Debug|Any CPU
		{DAE6674B-15B1-40D6-8D67-6F6E958E3E8E}.Debug|Any CPU.Build.0 = Debug|Any CPU
		{DAE6674B-15B1-40D6-8D67-6F6E958E3E8E}.Release|Any CPU.ActiveCfg = Release|Any CPU
		{DAE6674B-15B1-40D6-8D67-6F6E958E3E8E}.Release|Any CPU.Build.0 = Release|Any CPU
		{9AE154E4-38B4-2025-F5D0-D81090237D56}.Debug|Any CPU.ActiveCfg = Debug|Any CPU
		{9AE154E4-38B4-2025-F5D0-D81090237D56}.Debug|Any CPU.Build.0 = Debug|Any CPU
		{9AE154E4-38B4-2025-F5D0-D81090237D56}.Release|Any CPU.ActiveCfg = Release|Any CPU
		{9AE154E4-38B4-2025-F5D0-D81090237D56}.Release|Any CPU.Build.0 = Release|Any CPU
		{50FDA76D-AA28-4162-A985-8BE98290E352}.Debug|Any CPU.ActiveCfg = Debug|Any CPU
		{50FDA76D-AA28-4162-A985-8BE98290E352}.Debug|Any CPU.Build.0 = Debug|Any CPU
		{50FDA76D-AA28-4162-A985-8BE98290E352}.Release|Any CPU.ActiveCfg = Release|Any CPU
		{50FDA76D-AA28-4162-A985-8BE98290E352}.Release|Any CPU.Build.0 = Release|Any CPU
		{733B7E8F-D0B0-4C9B-8EA3-B847385E79CE}.Debug|Any CPU.ActiveCfg = Debug|Any CPU
		{733B7E8F-D0B0-4C9B-8EA3-B847385E79CE}.Debug|Any CPU.Build.0 = Debug|Any CPU
		{733B7E8F-D0B0-4C9B-8EA3-B847385E79CE}.Release|Any CPU.ActiveCfg = Release|Any CPU
		{733B7E8F-D0B0-4C9B-8EA3-B847385E79CE}.Release|Any CPU.Build.0 = Release|Any CPU
		{20F8D1D4-9EBB-402E-A20C-78A33A0144C5}.Debug|Any CPU.ActiveCfg = Debug|Any CPU
		{20F8D1D4-9EBB-402E-A20C-78A33A0144C5}.Debug|Any CPU.Build.0 = Debug|Any CPU
		{20F8D1D4-9EBB-402E-A20C-78A33A0144C5}.Release|Any CPU.ActiveCfg = Release|Any CPU
		{20F8D1D4-9EBB-402E-A20C-78A33A0144C5}.Release|Any CPU.Build.0 = Release|Any CPU
		{335CD48A-CEF2-47B7-8F39-0BA7ACE2174E}.Debug|Any CPU.ActiveCfg = Debug|Any CPU
		{335CD48A-CEF2-47B7-8F39-0BA7ACE2174E}.Debug|Any CPU.Build.0 = Debug|Any CPU
		{335CD48A-CEF2-47B7-8F39-0BA7ACE2174E}.Release|Any CPU.ActiveCfg = Release|Any CPU
		{335CD48A-CEF2-47B7-8F39-0BA7ACE2174E}.Release|Any CPU.Build.0 = Release|Any CPU
		{20AEE446-B46D-4D23-87FD-DDD44DEE33E3}.Debug|Any CPU.ActiveCfg = Debug|Any CPU
		{20AEE446-B46D-4D23-87FD-DDD44DEE33E3}.Debug|Any CPU.Build.0 = Debug|Any CPU
		{20AEE446-B46D-4D23-87FD-DDD44DEE33E3}.Release|Any CPU.ActiveCfg = Release|Any CPU
		{20AEE446-B46D-4D23-87FD-DDD44DEE33E3}.Release|Any CPU.Build.0 = Release|Any CPU
		{BB6306AF-CE57-4FDE-BBE9-826A5EE26824}.Debug|Any CPU.ActiveCfg = Debug|Any CPU
		{BB6306AF-CE57-4FDE-BBE9-826A5EE26824}.Debug|Any CPU.Build.0 = Debug|Any CPU
		{BB6306AF-CE57-4FDE-BBE9-826A5EE26824}.Release|Any CPU.ActiveCfg = Release|Any CPU
		{BB6306AF-CE57-4FDE-BBE9-826A5EE26824}.Release|Any CPU.Build.0 = Release|Any CPU
		{2E10CA96-7E21-4ECC-A7B4-B9D953E8B1D8}.Debug|Any CPU.ActiveCfg = Debug|Any CPU
		{2E10CA96-7E21-4ECC-A7B4-B9D953E8B1D8}.Debug|Any CPU.Build.0 = Debug|Any CPU
		{2E10CA96-7E21-4ECC-A7B4-B9D953E8B1D8}.Release|Any CPU.ActiveCfg = Release|Any CPU
		{2E10CA96-7E21-4ECC-A7B4-B9D953E8B1D8}.Release|Any CPU.Build.0 = Release|Any CPU
		{66B39D4A-CF20-4C8E-8A5F-9880E371FD59}.Debug|Any CPU.ActiveCfg = Debug|Any CPU
		{66B39D4A-CF20-4C8E-8A5F-9880E371FD59}.Debug|Any CPU.Build.0 = Debug|Any CPU
		{66B39D4A-CF20-4C8E-8A5F-9880E371FD59}.Release|Any CPU.ActiveCfg = Release|Any CPU
		{66B39D4A-CF20-4C8E-8A5F-9880E371FD59}.Release|Any CPU.Build.0 = Release|Any CPU
		{34A83F81-AB0C-4E57-858E-0BFF23761C19}.Debug|Any CPU.ActiveCfg = Debug|Any CPU
		{34A83F81-AB0C-4E57-858E-0BFF23761C19}.Debug|Any CPU.Build.0 = Debug|Any CPU
		{34A83F81-AB0C-4E57-858E-0BFF23761C19}.Release|Any CPU.ActiveCfg = Release|Any CPU
		{34A83F81-AB0C-4E57-858E-0BFF23761C19}.Release|Any CPU.Build.0 = Release|Any CPU
		{0F0DDC56-ADF2-4DD9-9522-543C55E5C3E5}.Debug|Any CPU.ActiveCfg = Debug|Any CPU
		{0F0DDC56-ADF2-4DD9-9522-543C55E5C3E5}.Debug|Any CPU.Build.0 = Debug|Any CPU
		{0F0DDC56-ADF2-4DD9-9522-543C55E5C3E5}.Release|Any CPU.ActiveCfg = Release|Any CPU
		{0F0DDC56-ADF2-4DD9-9522-543C55E5C3E5}.Release|Any CPU.Build.0 = Release|Any CPU
	EndGlobalSection
	GlobalSection(SolutionProperties) = preSolution
		HideSolutionNode = FALSE
	EndGlobalSection
	GlobalSection(NestedProjects) = preSolution
		{DAE6674B-15B1-40D6-8D67-6F6E958E3E8E} = {13D051B8-6F90-4B10-B799-6A689F9522E7}
		{9AE154E4-38B4-2025-F5D0-D81090237D56} = {8927603E-7EB2-4E54-9A85-4F4CE45F1DCA}
		{8927603E-7EB2-4E54-9A85-4F4CE45F1DCA} = {02EA681E-C7D8-13C7-8484-4AC65E1B71E8}
		{13D051B8-6F90-4B10-B799-6A689F9522E7} = {02EA681E-C7D8-13C7-8484-4AC65E1B71E8}
		{50FDA76D-AA28-4162-A985-8BE98290E352} = {8927603E-7EB2-4E54-9A85-4F4CE45F1DCA}
		{733B7E8F-D0B0-4C9B-8EA3-B847385E79CE} = {8927603E-7EB2-4E54-9A85-4F4CE45F1DCA}
		{B4D051CC-3762-4B22-BA65-992F37F8BA97} = {02EA681E-C7D8-13C7-8484-4AC65E1B71E8}
		{34CCD49B-FBE3-4082-BD80-F3E2F0A0E9F2} = {02EA681E-C7D8-13C7-8484-4AC65E1B71E8}
		{5F452E80-6694-446E-B0FE-37263C19CDBA} = {E7221F0A-E7B8-466A-A2F3-233D58CEBAA0}
		{66386D18-06B6-445E-8878-0B3BEC36CE2D} = {E7221F0A-E7B8-466A-A2F3-233D58CEBAA0}
		{28AEC928-30C4-4F9C-9F51-8F5009ADC238} = {E7221F0A-E7B8-466A-A2F3-233D58CEBAA0}
		{A434807F-5E78-4A26-A74D-C3020DEFADB8} = {E7221F0A-E7B8-466A-A2F3-233D58CEBAA0}
		{20F8D1D4-9EBB-402E-A20C-78A33A0144C5} = {5F452E80-6694-446E-B0FE-37263C19CDBA}
		{335CD48A-CEF2-47B7-8F39-0BA7ACE2174E} = {5F452E80-6694-446E-B0FE-37263C19CDBA}
		{20AEE446-B46D-4D23-87FD-DDD44DEE33E3} = {5F452E80-6694-446E-B0FE-37263C19CDBA}
		{BB6306AF-CE57-4FDE-BBE9-826A5EE26824} = {66386D18-06B6-445E-8878-0B3BEC36CE2D}
		{2E10CA96-7E21-4ECC-A7B4-B9D953E8B1D8} = {A434807F-5E78-4A26-A74D-C3020DEFADB8}
		{66B39D4A-CF20-4C8E-8A5F-9880E371FD59} = {34CCD49B-FBE3-4082-BD80-F3E2F0A0E9F2}
		{34A83F81-AB0C-4E57-858E-0BFF23761C19} = {28AEC928-30C4-4F9C-9F51-8F5009ADC238}
		{0F0DDC56-ADF2-4DD9-9522-543C55E5C3E5} = {B4D051CC-3762-4B22-BA65-992F37F8BA97}
	EndGlobalSection
	GlobalSection(ExtensibilityGlobals) = postSolution
		SolutionGuid = {8D662078-9285-439C-9C13-B7B98EDB2AAB}
	EndGlobalSection
EndGlobal
